
<Solution>
	<Configurations>
		<BuildType Name="Debug" />
		<BuildType Name="Release" />
		<BuildType Name="MinSizeRel" />
		<BuildType Name="RelWithDebInfo" />
		<Platform Name="x64" />
	</Configurations>
	<Folder Name="/CMakePredefinedTargets/">
		<Project Path="build/ALL_BUILD.vcxproj" Id="70307afd-981f-3033-8aec-6fa1cbb2aeba">
			<BuildDependency Project="build/core/GryceCore.vcxproj" />
			<BuildDependency Project="build/core/GrycePhysics.vcxproj" />
			<BuildDependency Project="build/core/GrycePlatform.vcxproj" />
			<BuildDependency Project="build/core/GryceRenderer.vcxproj" />
			<BuildDependency Project="build/examples/2dDemo.vcxproj" />
			<BuildDependency Project="build/examples/3dtest.vcxproj" />
			<BuildDependency Project="build/examples/examples_common.vcxproj" />
			<BuildDependency Project="build/examples/gryce_shaders_shaders.vcxproj" />
			<BuildDependency Project="build/examples/gryce_shaders_shaders_1.vcxproj" />
			<BuildDependency Project="build/tests/gryce_tests.vcxproj" />
			<BuildDependency Project="build/ZERO_CHECK.vcxproj" />
			<BuildDependency Project="editor/GryceEngine.Editor.csproj" />
		</Project>
		<Project Path="build/INSTALL.vcxproj" Id="695984e1-ff76-3ee9-9463-5adf2f189370">
			<BuildDependency Project="build/ALL_BUILD.vcxproj" />
			<BuildDependency Project="build/ZERO_CHECK.vcxproj" />
			<Build Project="false" />
		</Project>
		<Project Path="build/RUN_TESTS.vcxproj" Id="b1922791-843c-385a-93bd-dbb37ec4a580">
			<BuildDependency Project="build/ZERO_CHECK.vcxproj" />
			<Build Project="false" />
		</Project>
		<Project Path="build/ZERO_CHECK.vcxproj" Id="363bc163-022a-3d25-a5ea-688c01ba492f" />
	</Folder>
	<Folder Name="/Core/">
		<Project Path="build/core/GryceCore.vcxproj" Id="3ff1c027-85fa-3a94-a70b-843b43313f6a">
			<BuildDependency Project="build/build/deps/assimp/code/assimp.vcxproj" />
			<BuildDependency Project="build/build/deps/assimp/contrib/zlib/zlibstatic.vcxproj" />
			<BuildDependency Project="build/ZERO_CHECK.vcxproj" />
		</Project>
		<Project Path="build/core/GrycePhysics.vcxproj" Id="dff875e6-81ff-37be-9348-0b72df1737d0">
			<BuildDependency Project="build/build/deps/assimp/code/assimp.vcxproj" />
			<BuildDependency Project="build/build/deps/assimp/contrib/zlib/zlibstatic.vcxproj" />
			<BuildDependency Project="build/build/deps/box2d/extern/simde/simde.vcxproj" />
			<BuildDependency Project="build/build/deps/box2d/src/box2d.vcxproj" />
			<BuildDependency Project="build/build/deps/jolt/Build/Jolt.vcxproj" />
			<BuildDependency Project="build/core/GryceCore.vcxproj" />
			<BuildDependency Project="build/ZERO_CHECK.vcxproj" />
		</Project>
		<Project Path="build/core/GrycePlatform.vcxproj" Id="cf054a60-3438-3531-9797-5883683da651">
			<BuildDependency Project="build/build/deps/assimp/code/assimp.vcxproj" />
			<BuildDependency Project="build/build/deps/assimp/contrib/zlib/zlibstatic.vcxproj" />
			<BuildDependency Project="build/build/deps/glfw/src/glfw.vcxproj" />
			<BuildDependency Project="build/core/GryceCore.vcxproj" />
			<BuildDependency Project="build/ZERO_CHECK.vcxproj" />
		</Project>
		<Project Path="build/core/GryceRenderer.vcxproj" Id="19c46385-a42f-3f59-8ebf-773b3dac0412">
			<BuildDependency Project="build/build/deps/assimp/code/assimp.vcxproj" />
			<BuildDependency Project="build/build/deps/assimp/contrib/zlib/zlibstatic.vcxproj" />
			<BuildDependency Project="build/build/deps/glew/build/cmake/glew_s.vcxproj" />
			<BuildDependency Project="build/build/deps/glfw/src/glfw.vcxproj" />
			<BuildDependency Project="build/core/GryceCore.vcxproj" />
			<BuildDependency Project="build/core/GrycePlatform.vcxproj" />
			<BuildDependency Project="build/ZERO_CHECK.vcxproj" />
		</Project>
	</Folder>
	<Folder Name="/Examples/">
		<Project Path="build/examples/2dDemo.vcxproj" Id="7592065a-c67a-34e6-b6ce-8efd7068a0b8">
			<BuildDependency Project="build/build/deps/assimp/code/assimp.vcxproj" />
			<BuildDependency Project="build/build/deps/assimp/contrib/zlib/zlibstatic.vcxproj" />
			<BuildDependency Project="build/build/deps/box2d/extern/simde/simde.vcxproj" />
			<BuildDependency Project="build/build/deps/box2d/src/box2d.vcxproj" />
			<BuildDependency Project="build/build/deps/glew/build/cmake/glew_s.vcxproj" />
			<BuildDependency Project="build/build/deps/glfw/src/glfw.vcxproj" />
			<BuildDependency Project="build/build/deps/jolt/Build/Jolt.vcxproj" />
			<BuildDependency Project="build/core/GryceCore.vcxproj" />
			<BuildDependency Project="build/core/GrycePhysics.vcxproj" />
			<BuildDependency Project="build/core/GrycePlatform.vcxproj" />
			<BuildDependency Project="build/core/GryceRenderer.vcxproj" />
			<BuildDependency Project="build/examples/examples_common.vcxproj" />
			<BuildDependency Project="build/examples/gryce_shaders_shaders.vcxproj" />
			<BuildDependency Project="build/examples/gryce_shaders_shaders_1.vcxproj" />
			<BuildDependency Project="build/ZERO_CHECK.vcxproj" />
		</Project>
		<Project Path="build/examples/3dtest.vcxproj" Id="19c9fc98-c475-38f4-be47-9b1647f937c4">
			<BuildDependency Project="build/build/deps/assimp/code/assimp.vcxproj" />
			<BuildDependency Project="build/build/deps/assimp/contrib/zlib/zlibstatic.vcxproj" />
			<BuildDependency Project="build/build/deps/box2d/extern/simde/simde.vcxproj" />
			<BuildDependency Project="build/build/deps/box2d/src/box2d.vcxproj" />
			<BuildDependency Project="build/build/deps/glew/build/cmake/glew_s.vcxproj" />
			<BuildDependency Project="build/build/deps/glfw/src/glfw.vcxproj" />
			<BuildDependency Project="build/build/deps/jolt/Build/Jolt.vcxproj" />
			<BuildDependency Project="build/core/GryceCore.vcxproj" />
			<BuildDependency Project="build/core/GrycePhysics.vcxproj" />
			<BuildDependency Project="build/core/GrycePlatform.vcxproj" />
			<BuildDependency Project="build/core/GryceRenderer.vcxproj" />
			<BuildDependency Project="build/examples/examples_common.vcxproj" />
			<BuildDependency Project="build/examples/gryce_shaders_shaders.vcxproj" />
			<BuildDependency Project="build/examples/gryce_shaders_shaders_1.vcxproj" />
			<BuildDependency Project="build/ZERO_CHECK.vcxproj" />
		</Project>
	</Folder>
	<Folder Name="/Examples/Common/">
		<Project Path="build/examples/examples_common.vcxproj" Id="a48fcdb2-73af-3f48-b288-4f85a3c87f83">
			<BuildDependency Project="build/build/deps/assimp/code/assimp.vcxproj" />
			<BuildDependency Project="build/build/deps/assimp/contrib/zlib/zlibstatic.vcxproj" />
			<BuildDependency Project="build/build/deps/box2d/extern/simde/simde.vcxproj" />
			<BuildDependency Project="build/build/deps/box2d/src/box2d.vcxproj" />
			<BuildDependency Project="build/build/deps/glew/build/cmake/glew_s.vcxproj" />
			<BuildDependency Project="build/build/deps/glfw/src/glfw.vcxproj" />
			<BuildDependency Project="build/build/deps/jolt/Build/Jolt.vcxproj" />
			<BuildDependency Project="build/core/GryceCore.vcxproj" />
			<BuildDependency Project="build/core/GrycePhysics.vcxproj" />
			<BuildDependency Project="build/core/GrycePlatform.vcxproj" />
			<BuildDependency Project="build/core/GryceRenderer.vcxproj" />
			<BuildDependency Project="build/ZERO_CHECK.vcxproj" />
		</Project>
	</Folder>
	<Folder Name="/GLFW3/">
		<Project Path="build/build/deps/glfw/src/glfw.vcxproj" Id="cfd6fea1-8420-3ced-82a3-999d2f9a4c61">
			<BuildDependency Project="build/ZERO_CHECK.vcxproj" />
		</Project>
	</Folder>
	<Folder Name="/Shaders/">
		<Project Path="build/examples/gryce_shaders_shaders.vcxproj" Id="36aadcd7-9473-305e-8b24-274909e13bb6">
			<BuildDependency Project="build/ZERO_CHECK.vcxproj" />
		</Project>
		<Project Path="build/examples/gryce_shaders_shaders_1.vcxproj" Id="9255d329-dcf5-3755-b9a9-d17772677430">
			<BuildDependency Project="build/ZERO_CHECK.vcxproj" />
		</Project>
	</Folder>
	<Folder Name="/Tests/">
		<Project Path="build/tests/gryce_tests.vcxproj" Id="204d18a4-ec73-3f38-b3c7-f786f4a8c1ec">
			<BuildDependency Project="build/build/deps/assimp/code/assimp.vcxproj" />
			<BuildDependency Project="build/build/deps/assimp/contrib/zlib/zlibstatic.vcxproj" />
			<BuildDependency Project="build/build/deps/box2d/extern/simde/simde.vcxproj" />
			<BuildDependency Project="build/build/deps/box2d/src/box2d.vcxproj" />
			<BuildDependency Project="build/build/deps/glew/build/cmake/glew_s.vcxproj" />
			<BuildDependency Project="build/build/deps/glfw/src/glfw.vcxproj" />
			<BuildDependency Project="build/build/deps/googletest/googletest/gtest.vcxproj" />
			<BuildDependency Project="build/build/deps/googletest/googletest/gtest_main.vcxproj" />
			<BuildDependency Project="build/build/deps/jolt/Build/Jolt.vcxproj" />
			<BuildDependency Project="build/core/GryceCore.vcxproj" />
			<BuildDependency Project="build/core/GrycePhysics.vcxproj" />
			<BuildDependency Project="build/core/GrycePlatform.vcxproj" />
			<BuildDependency Project="build/core/GryceRenderer.vcxproj" />
			<BuildDependency Project="build/ZERO_CHECK.vcxproj" />
		</Project>
	</Folder>
	<Project Path="build/build/deps/assimp/code/assimp.vcxproj" Id="ecde3668-038b-36b3-a948-14f5b5d65285">
		<BuildDependency Project="build/build/deps/assimp/contrib/zlib/zlibstatic.vcxproj" />
		<BuildDependency Project="build/ZERO_CHECK.vcxproj" />
	</Project>
	<Project Path="build/build/deps/assimp/contrib/zlib/zlibstatic.vcxproj" Id="69fd0fb6-7fb4-3b16-a450-bfeb9217d05e">
		<BuildDependency Project="build/ZERO_CHECK.vcxproj" />
	</Project>
	<Project Path="build/build/deps/box2d/extern/simde/simde.vcxproj" Id="ea4c6137-a9f8-316d-a7a7-aced25423e75">
		<BuildDependency Project="build/ZERO_CHECK.vcxproj" />
	</Project>
	<Project Path="build/build/deps/box2d/src/box2d.vcxproj" Id="05fd8455-b122-32b9-b49f-a796f19d4496">
		<BuildDependency Project="build/build/deps/box2d/extern/simde/simde.vcxproj" />
		<BuildDependency Project="build/ZERO_CHECK.vcxproj" />
	</Project>
	<Project Path="build/build/deps/glew/build/cmake/glew_s.vcxproj" Id="ad9d8a71-2561-33d1-bb88-0fd231ac8e12">
		<BuildDependency Project="build/ZERO_CHECK.vcxproj" />
	</Project>
	<Project Path="build/build/deps/googletest/googletest/gtest.vcxproj" Id="7d986df1-9ac1-356d-af88-5a484adb1fc1">
		<BuildDependency Project="build/ZERO_CHECK.vcxproj" />
	</Project>
	<Project Path="build/build/deps/googletest/googletest/gtest_main.vcxproj" Id="d26ef174-e3ca-3449-a4d2-443269ff07bc">
		<BuildDependency Project="build/build/deps/googletest/googletest/gtest.vcxproj" />
		<BuildDependency Project="build/ZERO_CHECK.vcxproj" />
	</Project>
	<Project Path="build/build/deps/jolt/Build/Jolt.vcxproj" Id="0b46019b-ee8e-3444-914c-517dadb96b83">
		<BuildDependency Project="build/ZERO_CHECK.vcxproj" />
	</Project>
	<Project Path="editor/GryceEngine.Editor.csproj" Id="10bf05a9-78ac-3d8e-bb85-0581d347f34d">
		<BuildDependency Project="build/ZERO_CHECK.vcxproj" />
		<Platform Project="x64" />
	</Project>
</Solution>
