<?xml version="1.0" encoding="UTF-8"?>
<Solution>
	<Configurations>
		<BuildType Name="Debug" />
		<BuildType Name="Release" />
		<Platform Name="x64" />
	</Configurations>
	<Project Path="GryceEngine.Editor.csproj" Type="fae04ec0-301f-11d3-bf4b-00c04f79efbc" Id="10bf05a9-78ac-3d8e-bb85-0581d347f34d">
		<Platform Project="x64" />
	</Project>
</Solution>